
Microsoft Visual Studio Solution File, Format Version 12.00
# Visual Studio Version 17
VisualStudioVersion = 17.1.32328.378
MinimumVisualStudioVersion = 10.0.40219.1
Project("{FAE04EC0-301F-11D3-BF4B-00C04F79EFBC}") = "ControleDePonto", "ControleDePonto.csproj", "{BD3A534F-5C00-4DC8-A92D-CC24500D9159}"
EndProject
Global
	GlobalSection(SolutionConfigurationPlatforms) = preSolution
		Debug|Any CPU = Debug|Any CPU
		Release|Any CPU = Release|Any CPU
	EndGlobalSection
	GlobalSection(ProjectConfigurationPlatforms) = postSolution
		{BD3A534F-5C00-4DC8-A92D-CC24500D9159}.Debug|Any CPU.ActiveCfg = Debug|Any CPU
		{BD3A534F-5C00-4DC8-A92D-CC24500D9159}.Debug|Any CPU.Build.0 = Debug|Any CPU
		{BD3A534F-5C00-4DC8-A92D-CC24500D9159}.Release|Any CPU.ActiveCfg = Release|Any CPU
		{BD3A534F-5C00-4DC8-A92D-CC24500D9159}.Release|Any CPU.Build.0 = Release|Any CPU
	EndGlobalSection
	GlobalSection(SolutionProperties) = preSolution
		HideSolutionNode = FALSE
	EndGlobalSection
	GlobalSection(ExtensibilityGlobals) = postSolution
		SolutionGuid = {6D564FA3-9272-4316-9B13-F055C4736859}
	EndGlobalSection
EndGlobal
